
Microsoft Visual Studio Solution File, Format Version 12.00
# Visual Studio 15
Project("{FAE04EC0-301F-11D3-BF4B-00C04F79EFBC}") = "Assembly-CSharp", "Assembly-CSharp.csproj", "{99EDA57C-5992-CD3B-5AAA-B166680E712E}"
EndProject
Project("{FAE04EC0-301F-11D3-BF4B-00C04F79EFBC}") = "Assembly-CSharp-Editor", "Assembly-CSharp-Editor.csproj", "{01AAF6E3-A97D-2D43-42FF-B5A32C3CCF14}"
EndProject
Project("{FAE04EC0-301F-11D3-BF4B-00C04F79EFBC}") = "Unity.WebRTC.Samples", "Unity.WebRTC.Samples.csproj", "{CCE2E739-86DD-66B3-7F61-5F2DA75C77B9}"
EndProject
Project("{FAE04EC0-301F-11D3-BF4B-00C04F79EFBC}") = "Unity.WebRTC.Samples.Editror", "Unity.WebRTC.Samples.Editror.csproj", "{864BC3BF-D6C1-BB43-5AD7-D7EB9FA9F6C4}"
EndProject
Global
	GlobalSection(SolutionConfigurationPlatforms) = preSolution
		Debug|Any CPU = Debug|Any CPU
		Release|Any CPU = Release|Any CPU
	EndGlobalSection
	GlobalSection(ProjectConfigurationPlatforms) = postSolution
		{99EDA57C-5992-CD3B-5AAA-B166680E712E}.Debug|Any CPU.ActiveCfg = Debug|Any CPU
		{99EDA57C-5992-CD3B-5AAA-B166680E712E}.Debug|Any CPU.Build.0 = Debug|Any CPU
		{99EDA57C-5992-CD3B-5AAA-B166680E712E}.Release|Any CPU.ActiveCfg = Release|Any CPU
		{99EDA57C-5992-CD3B-5AAA-B166680E712E}.Release|Any CPU.Build.0 = Release|Any CPU
		{01AAF6E3-A97D-2D43-42FF-B5A32C3CCF14}.Debug|Any CPU.ActiveCfg = Debug|Any CPU
		{01AAF6E3-A97D-2D43-42FF-B5A32C3CCF14}.Debug|Any CPU.Build.0 = Debug|Any CPU
		{01AAF6E3-A97D-2D43-42FF-B5A32C3CCF14}.Release|Any CPU.ActiveCfg = Release|Any CPU
		{01AAF6E3-A97D-2D43-42FF-B5A32C3CCF14}.Release|Any CPU.Build.0 = Release|Any CPU
		{CCE2E739-86DD-66B3-7F61-5F2DA75C77B9}.Debug|Any CPU.ActiveCfg = Debug|Any CPU
		{CCE2E739-86DD-66B3-7F61-5F2DA75C77B9}.Debug|Any CPU.Build.0 = Debug|Any CPU
		{CCE2E739-86DD-66B3-7F61-5F2DA75C77B9}.Release|Any CPU.ActiveCfg = Release|Any CPU
		{CCE2E739-86DD-66B3-7F61-5F2DA75C77B9}.Release|Any CPU.Build.0 = Release|Any CPU
		{864BC3BF-D6C1-BB43-5AD7-D7EB9FA9F6C4}.Debug|Any CPU.ActiveCfg = Debug|Any CPU
		{864BC3BF-D6C1-BB43-5AD7-D7EB9FA9F6C4}.Debug|Any CPU.Build.0 = Debug|Any CPU
		{864BC3BF-D6C1-BB43-5AD7-D7EB9FA9F6C4}.Release|Any CPU.ActiveCfg = Release|Any CPU
		{864BC3BF-D6C1-BB43-5AD7-D7EB9FA9F6C4}.Release|Any CPU.Build.0 = Release|Any CPU
	EndGlobalSection
	GlobalSection(SolutionProperties) = preSolution
		HideSolutionNode = FALSE
	EndGlobalSection
EndGlobal
